
Microsoft Visual Studio Solution File, Format Version 12.00
# Visual Studio Version 16
VisualStudioVersion = 16.0.32106.194
MinimumVisualStudioVersion = 10.0.40219.1
Project("{FAE04EC0-301F-11D3-BF4B-00C04F79EFBC}") = "App teste.Android", "App teste\App teste.Android\App teste.Android.csproj", "{4679D3D1-3EAB-4EAB-9FD9-4C9D38DF99C4}"
EndProject
Project("{FAE04EC0-301F-11D3-BF4B-00C04F79EFBC}") = "App teste", "App teste\App teste\App teste.csproj", "{70F30220-8BD7-4EE3-B54D-50BFAB137EFA}"
EndProject
Global
	GlobalSection(SolutionConfigurationPlatforms) = preSolution
		Debug|Any CPU = Debug|Any CPU
		Release|Any CPU = Release|Any CPU
	EndGlobalSection
	GlobalSection(ProjectConfigurationPlatforms) = postSolution
		{4679D3D1-3EAB-4EAB-9FD9-4C9D38DF99C4}.Debug|Any CPU.ActiveCfg = Debug|Any CPU
		{4679D3D1-3EAB-4EAB-9FD9-4C9D38DF99C4}.Debug|Any CPU.Build.0 = Debug|Any CPU
		{4679D3D1-3EAB-4EAB-9FD9-4C9D38DF99C4}.Debug|Any CPU.Deploy.0 = Debug|Any CPU
		{4679D3D1-3EAB-4EAB-9FD9-4C9D38DF99C4}.Release|Any CPU.ActiveCfg = Release|Any CPU
		{4679D3D1-3EAB-4EAB-9FD9-4C9D38DF99C4}.Release|Any CPU.Build.0 = Release|Any CPU
		{4679D3D1-3EAB-4EAB-9FD9-4C9D38DF99C4}.Release|Any CPU.Deploy.0 = Release|Any CPU
		{70F30220-8BD7-4EE3-B54D-50BFAB137EFA}.Debug|Any CPU.ActiveCfg = Debug|Any CPU
		{70F30220-8BD7-4EE3-B54D-50BFAB137EFA}.Debug|Any CPU.Build.0 = Debug|Any CPU
		{70F30220-8BD7-4EE3-B54D-50BFAB137EFA}.Debug|Any CPU.Deploy.0 = Debug|Any CPU
		{70F30220-8BD7-4EE3-B54D-50BFAB137EFA}.Release|Any CPU.ActiveCfg = Release|Any CPU
		{70F30220-8BD7-4EE3-B54D-50BFAB137EFA}.Release|Any CPU.Build.0 = Release|Any CPU
		{70F30220-8BD7-4EE3-B54D-50BFAB137EFA}.Release|Any CPU.Deploy.0 = Release|Any CPU
	EndGlobalSection
	GlobalSection(SolutionProperties) = preSolution
		HideSolutionNode = FALSE
	EndGlobalSection
	GlobalSection(ExtensibilityGlobals) = postSolution
		SolutionGuid = {68906F18-24BA-4837-88A3-BD4C794F6B27}
	EndGlobalSection
EndGlobal
