
Microsoft Visual Studio Solution File, Format Version 12.00
# Visual Studio Version 16
VisualStudioVersion = 16.0.32106.194
MinimumVisualStudioVersion = 10.0.40219.1
Project("{FAE04EC0-301F-11D3-BF4B-00C04F79EFBC}") = "Exercisio 4.Android", "Exercisio 4\Exercisio 4.Android\Exercisio 4.Android.csproj", "{5622B64C-3395-466E-BCDF-3603CB402992}"
EndProject
Project("{FAE04EC0-301F-11D3-BF4B-00C04F79EFBC}") = "Exercisio 4", "Exercisio 4\Exercisio 4\Exercisio 4.csproj", "{268691F6-5AB1-40DD-8C9F-B49C5A9C4111}"
EndProject
Global
	GlobalSection(SolutionConfigurationPlatforms) = preSolution
		Debug|Any CPU = Debug|Any CPU
		Release|Any CPU = Release|Any CPU
	EndGlobalSection
	GlobalSection(ProjectConfigurationPlatforms) = postSolution
		{5622B64C-3395-466E-BCDF-3603CB402992}.Debug|Any CPU.ActiveCfg = Debug|Any CPU
		{5622B64C-3395-466E-BCDF-3603CB402992}.Debug|Any CPU.Build.0 = Debug|Any CPU
		{5622B64C-3395-466E-BCDF-3603CB402992}.Debug|Any CPU.Deploy.0 = Debug|Any CPU
		{5622B64C-3395-466E-BCDF-3603CB402992}.Release|Any CPU.ActiveCfg = Release|Any CPU
		{5622B64C-3395-466E-BCDF-3603CB402992}.Release|Any CPU.Build.0 = Release|Any CPU
		{5622B64C-3395-466E-BCDF-3603CB402992}.Release|Any CPU.Deploy.0 = Release|Any CPU
		{268691F6-5AB1-40DD-8C9F-B49C5A9C4111}.Debug|Any CPU.ActiveCfg = Debug|Any CPU
		{268691F6-5AB1-40DD-8C9F-B49C5A9C4111}.Debug|Any CPU.Build.0 = Debug|Any CPU
		{268691F6-5AB1-40DD-8C9F-B49C5A9C4111}.Debug|Any CPU.Deploy.0 = Debug|Any CPU
		{268691F6-5AB1-40DD-8C9F-B49C5A9C4111}.Release|Any CPU.ActiveCfg = Release|Any CPU
		{268691F6-5AB1-40DD-8C9F-B49C5A9C4111}.Release|Any CPU.Build.0 = Release|Any CPU
		{268691F6-5AB1-40DD-8C9F-B49C5A9C4111}.Release|Any CPU.Deploy.0 = Release|Any CPU
	EndGlobalSection
	GlobalSection(SolutionProperties) = preSolution
		HideSolutionNode = FALSE
	EndGlobalSection
	GlobalSection(ExtensibilityGlobals) = postSolution
		SolutionGuid = {3776820D-1377-4B91-9973-082722C1A3DE}
	EndGlobalSection
EndGlobal
