
Microsoft Visual Studio Solution File, Format Version 12.00
# Visual Studio Version 16
VisualStudioVersion = 16.0.32106.194
MinimumVisualStudioVersion = 10.0.40219.1
Project("{FAE04EC0-301F-11D3-BF4B-00C04F79EFBC}") = "App teste 2.Android", "App teste 2\App teste 2.Android\App teste 2.Android.csproj", "{17333C61-EDC7-45EA-87C7-DB6359291270}"
EndProject
Project("{FAE04EC0-301F-11D3-BF4B-00C04F79EFBC}") = "App teste 2", "App teste 2\App teste 2\App teste 2.csproj", "{270ED0D4-64E7-4C76-9EDB-26C9ABAAEFC7}"
EndProject
Global
	GlobalSection(SolutionConfigurationPlatforms) = preSolution
		Debug|Any CPU = Debug|Any CPU
		Release|Any CPU = Release|Any CPU
	EndGlobalSection
	GlobalSection(ProjectConfigurationPlatforms) = postSolution
		{17333C61-EDC7-45EA-87C7-DB6359291270}.Debug|Any CPU.ActiveCfg = Debug|Any CPU
		{17333C61-EDC7-45EA-87C7-DB6359291270}.Debug|Any CPU.Build.0 = Debug|Any CPU
		{17333C61-EDC7-45EA-87C7-DB6359291270}.Debug|Any CPU.Deploy.0 = Debug|Any CPU
		{17333C61-EDC7-45EA-87C7-DB6359291270}.Release|Any CPU.ActiveCfg = Release|Any CPU
		{17333C61-EDC7-45EA-87C7-DB6359291270}.Release|Any CPU.Build.0 = Release|Any CPU
		{17333C61-EDC7-45EA-87C7-DB6359291270}.Release|Any CPU.Deploy.0 = Release|Any CPU
		{270ED0D4-64E7-4C76-9EDB-26C9ABAAEFC7}.Debug|Any CPU.ActiveCfg = Debug|Any CPU
		{270ED0D4-64E7-4C76-9EDB-26C9ABAAEFC7}.Debug|Any CPU.Build.0 = Debug|Any CPU
		{270ED0D4-64E7-4C76-9EDB-26C9ABAAEFC7}.Debug|Any CPU.Deploy.0 = Debug|Any CPU
		{270ED0D4-64E7-4C76-9EDB-26C9ABAAEFC7}.Release|Any CPU.ActiveCfg = Release|Any CPU
		{270ED0D4-64E7-4C76-9EDB-26C9ABAAEFC7}.Release|Any CPU.Build.0 = Release|Any CPU
		{270ED0D4-64E7-4C76-9EDB-26C9ABAAEFC7}.Release|Any CPU.Deploy.0 = Release|Any CPU
	EndGlobalSection
	GlobalSection(SolutionProperties) = preSolution
		HideSolutionNode = FALSE
	EndGlobalSection
	GlobalSection(ExtensibilityGlobals) = postSolution
		SolutionGuid = {DDE63FDD-B4F6-4300-8F18-1139B8337EF5}
	EndGlobalSection
EndGlobal
